
Microsoft Visual Studio Solution File, Format Version 12.00
# Visual Studio 15
Project("{FAE04EC0-301F-11D3-BF4B-00C04F79EFBC}") = "Assembly-CSharp-firstpass", "Assembly-CSharp-firstpass.csproj", "{0B884648-AA13-20BB-E606-F2301249AA51}"
EndProject
Project("{FAE04EC0-301F-11D3-BF4B-00C04F79EFBC}") = "Assembly-CSharp", "Assembly-CSharp.csproj", "{B0203252-5138-CAF2-4638-F8A868459594}"
EndProject
Project("{FAE04EC0-301F-11D3-BF4B-00C04F79EFBC}") = "Assembly-CSharp-Editor-firstpass", "Assembly-CSharp-Editor-firstpass.csproj", "{F67833BD-CA5D-5783-5AC0-BD10AA239DE0}"
EndProject
Global
	GlobalSection(SolutionConfigurationPlatforms) = preSolution
		Debug|Any CPU = Debug|Any CPU
		Release|Any CPU = Release|Any CPU
	EndGlobalSection
	GlobalSection(ProjectConfigurationPlatforms) = postSolution
		{0B884648-AA13-20BB-E606-F2301249AA51}.Debug|Any CPU.ActiveCfg = Debug|Any CPU
		{0B884648-AA13-20BB-E606-F2301249AA51}.Debug|Any CPU.Build.0 = Debug|Any CPU
		{0B884648-AA13-20BB-E606-F2301249AA51}.Release|Any CPU.ActiveCfg = Release|Any CPU
		{0B884648-AA13-20BB-E606-F2301249AA51}.Release|Any CPU.Build.0 = Release|Any CPU
		{B0203252-5138-CAF2-4638-F8A868459594}.Debug|Any CPU.ActiveCfg = Debug|Any CPU
		{B0203252-5138-CAF2-4638-F8A868459594}.Debug|Any CPU.Build.0 = Debug|Any CPU
		{B0203252-5138-CAF2-4638-F8A868459594}.Release|Any CPU.ActiveCfg = Release|Any CPU
		{B0203252-5138-CAF2-4638-F8A868459594}.Release|Any CPU.Build.0 = Release|Any CPU
		{F67833BD-CA5D-5783-5AC0-BD10AA239DE0}.Debug|Any CPU.ActiveCfg = Debug|Any CPU
		{F67833BD-CA5D-5783-5AC0-BD10AA239DE0}.Debug|Any CPU.Build.0 = Debug|Any CPU
		{F67833BD-CA5D-5783-5AC0-BD10AA239DE0}.Release|Any CPU.ActiveCfg = Release|Any CPU
		{F67833BD-CA5D-5783-5AC0-BD10AA239DE0}.Release|Any CPU.Build.0 = Release|Any CPU
	EndGlobalSection
	GlobalSection(SolutionProperties) = preSolution
		HideSolutionNode = FALSE
	EndGlobalSection
EndGlobal
